// !$*UTF8*$!
{
	archiveVersion = 1;
	classes = {
	};
	objectVersion = 56;
	objects = {

/* Begin PBXBuildFile section */
		FB3C48392B4A319700945FC6 /* ErrorView.swift in Sources */ = {isa = PBXBuildFile; fileRef = FB3C48382B4A319700945FC6 /* ErrorView.swift */; };
		FB42FE7B2B43A5CA00348204 /* HTMLAsset.swift in Sources */ = {isa = PBXBuildFile; fileRef = FB42FE7A2B43A5CA00348204 /* HTMLAsset.swift */; };
		FB71CF982B4A3AA80018050B /* PreviewContainer.swift in Sources */ = {isa = PBXBuildFile; fileRef = FB71CF972B4A3AA80018050B /* PreviewContainer.swift */; };
		FB71CF9A2B4A3B1E0018050B /* PreviewSampleData.swift in Sources */ = {isa = PBXBuildFile; fileRef = FB71CF992B4A3B1E0018050B /* PreviewSampleData.swift */; };
		FB71CF9C2B4A48590018050B /* ProposalListView.swift in Sources */ = {isa = PBXBuildFile; fileRef = FB71CF9B2B4A48590018050B /* ProposalListView.swift */; };
		FB71CF9E2B4A4A3E0018050B /* ProposalDetailView.swift in Sources */ = {isa = PBXBuildFile; fileRef = FB71CF9D2B4A4A3E0018050B /* ProposalDetailView.swift */; };
		FB88EA382B43DE0C00A6EBB3 /* SyntaxHighlight.swift in Sources */ = {isa = PBXBuildFile; fileRef = FB88EA372B43DE0C00A6EBB3 /* SyntaxHighlight.swift */; };
		FB88EA3A2B43EDAF00A6EBB3 /* proposal.template.html in Resources */ = {isa = PBXBuildFile; fileRef = FB88EA392B43EDAF00A6EBB3 /* proposal.template.html */; };
		FB88EA3C2B43F58300A6EBB3 /* ProposalURL.swift in Sources */ = {isa = PBXBuildFile; fileRef = FB88EA3B2B43F58300A6EBB3 /* ProposalURL.swift */; };
		FB88EA3E2B43FE0C00A6EBB3 /* MarkdownURL.swift in Sources */ = {isa = PBXBuildFile; fileRef = FB88EA3D2B43FE0C00A6EBB3 /* MarkdownURL.swift */; };
		FB88EA5B2B44EF1800A6EBB3 /* ProposalStatePicker.swift in Sources */ = {isa = PBXBuildFile; fileRef = FB88EA5A2B44EF1800A6EBB3 /* ProposalStatePicker.swift */; };
		FB88EA5D2B44EF2900A6EBB3 /* FlowLayout.swift in Sources */ = {isa = PBXBuildFile; fileRef = FB88EA5C2B44EF2900A6EBB3 /* FlowLayout.swift */; };
		FB88EA5F2B4508AC00A6EBB3 /* ProposalStateOptions.swift in Sources */ = {isa = PBXBuildFile; fileRef = FB88EA5E2B4508AC00A6EBB3 /* ProposalStateOptions.swift */; };
		FBB64DE82B40189100D99C2F /* github-markdown.css in Resources */ = {isa = PBXBuildFile; fileRef = FBB64DE72B40189100D99C2F /* github-markdown.css */; };
		FBB64DED2B424FBB00D99C2F /* ProposalState.swift in Sources */ = {isa = PBXBuildFile; fileRef = FBB64DEC2B424FBB00D99C2F /* ProposalState.swift */; };
		FBB64DF22B42797800D99C2F /* Markdown.swift in Sources */ = {isa = PBXBuildFile; fileRef = FBB64DF12B42797800D99C2F /* Markdown.swift */; };
		FBCE36962B3EDF2D000763B5 /* App.swift in Sources */ = {isa = PBXBuildFile; fileRef = FBCE36952B3EDF2D000763B5 /* App.swift */; };
		FBCE369C2B3EDF2F000763B5 /* Assets.xcassets in Resources */ = {isa = PBXBuildFile; fileRef = FBCE369B2B3EDF2F000763B5 /* Assets.xcassets */; };
		FBCE36A02B3EDF2F000763B5 /* Preview Assets.xcassets in Resources */ = {isa = PBXBuildFile; fileRef = FBCE369F2B3EDF2F000763B5 /* Preview Assets.xcassets */; };
		FBCE36A92B3F684F000763B5 /* ContentView.swift in Sources */ = {isa = PBXBuildFile; fileRef = FBCE36A82B3F684F000763B5 /* ContentView.swift */; };
		FBCE36AD2B3FD320000763B5 /* HTMLView.swift in Sources */ = {isa = PBXBuildFile; fileRef = FBCE36AC2B3FD320000763B5 /* HTMLView.swift */; };
		FBD164002B48E5D500C18625 /* ProposalObject.swift in Sources */ = {isa = PBXBuildFile; fileRef = FBD163FF2B48E5D500C18625 /* ProposalObject.swift */; };
/* End PBXBuildFile section */

/* Begin PBXFileReference section */
		FB3C48382B4A319700945FC6 /* ErrorView.swift */ = {isa = PBXFileReference; lastKnownFileType = sourcecode.swift; path = ErrorView.swift; sourceTree = "<group>"; };
		FB42FE7A2B43A5CA00348204 /* HTMLAsset.swift */ = {isa = PBXFileReference; lastKnownFileType = sourcecode.swift; path = HTMLAsset.swift; sourceTree = "<group>"; };
		FB71CF972B4A3AA80018050B /* PreviewContainer.swift */ = {isa = PBXFileReference; lastKnownFileType = sourcecode.swift; path = PreviewContainer.swift; sourceTree = "<group>"; };
		FB71CF992B4A3B1E0018050B /* PreviewSampleData.swift */ = {isa = PBXFileReference; lastKnownFileType = sourcecode.swift; path = PreviewSampleData.swift; sourceTree = "<group>"; };
		FB71CF9B2B4A48590018050B /* ProposalListView.swift */ = {isa = PBXFileReference; lastKnownFileType = sourcecode.swift; path = ProposalListView.swift; sourceTree = "<group>"; };
		FB71CF9D2B4A4A3E0018050B /* ProposalDetailView.swift */ = {isa = PBXFileReference; lastKnownFileType = sourcecode.swift; path = ProposalDetailView.swift; sourceTree = "<group>"; };
		FB88EA372B43DE0C00A6EBB3 /* SyntaxHighlight.swift */ = {isa = PBXFileReference; lastKnownFileType = sourcecode.swift; path = SyntaxHighlight.swift; sourceTree = "<group>"; };
		FB88EA392B43EDAF00A6EBB3 /* proposal.template.html */ = {isa = PBXFileReference; fileEncoding = 4; lastKnownFileType = text.html; name = proposal.template.html; path = Assets.xcassets/proposal.template.dataset/proposal.template.html; sourceTree = "<group>"; };
		FB88EA3B2B43F58300A6EBB3 /* ProposalURL.swift */ = {isa = PBXFileReference; lastKnownFileType = sourcecode.swift; path = ProposalURL.swift; sourceTree = "<group>"; };
		FB88EA3D2B43FE0C00A6EBB3 /* MarkdownURL.swift */ = {isa = PBXFileReference; lastKnownFileType = sourcecode.swift; path = MarkdownURL.swift; sourceTree = "<group>"; };
		FB88EA5A2B44EF1800A6EBB3 /* ProposalStatePicker.swift */ = {isa = PBXFileReference; lastKnownFileType = sourcecode.swift; path = ProposalStatePicker.swift; sourceTree = "<group>"; };
		FB88EA5C2B44EF2900A6EBB3 /* FlowLayout.swift */ = {isa = PBXFileReference; lastKnownFileType = sourcecode.swift; path = FlowLayout.swift; sourceTree = "<group>"; };
		FB88EA5E2B4508AC00A6EBB3 /* ProposalStateOptions.swift */ = {isa = PBXFileReference; lastKnownFileType = sourcecode.swift; path = ProposalStateOptions.swift; sourceTree = "<group>"; };
		FBB64DE72B40189100D99C2F /* github-markdown.css */ = {isa = PBXFileReference; fileEncoding = 4; lastKnownFileType = text.css; name = "github-markdown.css"; path = "Assets.xcassets/github-markdown.dataset/github-markdown.css"; sourceTree = "<group>"; };
		FBB64DEC2B424FBB00D99C2F /* ProposalState.swift */ = {isa = PBXFileReference; lastKnownFileType = sourcecode.swift; path = ProposalState.swift; sourceTree = "<group>"; };
		FBB64DF12B42797800D99C2F /* Markdown.swift */ = {isa = PBXFileReference; lastKnownFileType = sourcecode.swift; path = Markdown.swift; sourceTree = "<group>"; };
		FBCE36922B3EDF2D000763B5 /* SwiftEvolutionApp.app */ = {isa = PBXFileReference; explicitFileType = wrapper.application; includeInIndex = 0; path = SwiftEvolutionApp.app; sourceTree = BUILT_PRODUCTS_DIR; };
		FBCE36952B3EDF2D000763B5 /* App.swift */ = {isa = PBXFileReference; lastKnownFileType = sourcecode.swift; path = App.swift; sourceTree = "<group>"; };
		FBCE369B2B3EDF2F000763B5 /* Assets.xcassets */ = {isa = PBXFileReference; lastKnownFileType = folder.assetcatalog; path = Assets.xcassets; sourceTree = "<group>"; };
		FBCE369D2B3EDF2F000763B5 /* SwiftEvolutionApp.entitlements */ = {isa = PBXFileReference; lastKnownFileType = text.plist.entitlements; path = SwiftEvolutionApp.entitlements; sourceTree = "<group>"; };
		FBCE369F2B3EDF2F000763B5 /* Preview Assets.xcassets */ = {isa = PBXFileReference; lastKnownFileType = folder.assetcatalog; path = "Preview Assets.xcassets"; sourceTree = "<group>"; };
		FBCE36A82B3F684F000763B5 /* ContentView.swift */ = {isa = PBXFileReference; lastKnownFileType = sourcecode.swift; path = ContentView.swift; sourceTree = "<group>"; };
		FBCE36AC2B3FD320000763B5 /* HTMLView.swift */ = {isa = PBXFileReference; lastKnownFileType = sourcecode.swift; path = HTMLView.swift; sourceTree = "<group>"; };
		FBCE36AE2B3FD63C000763B5 /* Info.plist */ = {isa = PBXFileReference; lastKnownFileType = text.plist; path = Info.plist; sourceTree = "<group>"; };
		FBD163FF2B48E5D500C18625 /* ProposalObject.swift */ = {isa = PBXFileReference; lastKnownFileType = sourcecode.swift; path = ProposalObject.swift; sourceTree = "<group>"; };
/* End PBXFileReference section */

/* Begin PBXFrameworksBuildPhase section */
		FBCE368F2B3EDF2D000763B5 /* Frameworks */ = {
			isa = PBXFrameworksBuildPhase;
			buildActionMask = 2147483647;
			files = (
			);
			runOnlyForDeploymentPostprocessing = 0;
		};
/* End PBXFrameworksBuildPhase section */

/* Begin PBXGroup section */
		FB3C48372B4A1A3600945FC6 /* Models */ = {
			isa = PBXGroup;
			children = (
				FBB64DF12B42797800D99C2F /* Markdown.swift */,
				FBD163FF2B48E5D500C18625 /* ProposalObject.swift */,
				FB88EA5E2B4508AC00A6EBB3 /* ProposalStateOptions.swift */,
			);
			path = Models;
			sourceTree = "<group>";
		};
		FBB64DEB2B424F6F00D99C2F /* Models */ = {
			isa = PBXGroup;
			children = (
				FBB64DF02B42795B00D99C2F /* Entities */,
				FB3C48372B4A1A3600945FC6 /* Models */,
			);
			path = Models;
			sourceTree = "<group>";
		};
		FBB64DF02B42795B00D99C2F /* Entities */ = {
			isa = PBXGroup;
			children = (
				FB42FE7A2B43A5CA00348204 /* HTMLAsset.swift */,
				FB88EA3D2B43FE0C00A6EBB3 /* MarkdownURL.swift */,
				FBB64DEC2B424FBB00D99C2F /* ProposalState.swift */,
				FB88EA3B2B43F58300A6EBB3 /* ProposalURL.swift */,
				FB88EA372B43DE0C00A6EBB3 /* SyntaxHighlight.swift */,
			);
			path = Entities;
			sourceTree = "<group>";
		};
		FBB64DF32B42903600D99C2F /* Views */ = {
			isa = PBXGroup;
			children = (
				FBCE36A82B3F684F000763B5 /* ContentView.swift */,
				FB3C48382B4A319700945FC6 /* ErrorView.swift */,
				FB88EA5C2B44EF2900A6EBB3 /* FlowLayout.swift */,
				FBCE36AC2B3FD320000763B5 /* HTMLView.swift */,
				FB71CF9D2B4A4A3E0018050B /* ProposalDetailView.swift */,
				FB71CF9B2B4A48590018050B /* ProposalListView.swift */,
				FB88EA5A2B44EF1800A6EBB3 /* ProposalStatePicker.swift */,
			);
			path = Views;
			sourceTree = "<group>";
		};
		FBCE36892B3EDF2D000763B5 = {
			isa = PBXGroup;
			children = (
				FBCE36942B3EDF2D000763B5 /* SwiftEvolutionApp */,
				FBCE36932B3EDF2D000763B5 /* Products */,
			);
			sourceTree = "<group>";
		};
		FBCE36932B3EDF2D000763B5 /* Products */ = {
			isa = PBXGroup;
			children = (
				FBCE36922B3EDF2D000763B5 /* SwiftEvolutionApp.app */,
			);
			name = Products;
			sourceTree = "<group>";
		};
		FBCE36942B3EDF2D000763B5 /* SwiftEvolutionApp */ = {
			isa = PBXGroup;
			children = (
				FBCE36AE2B3FD63C000763B5 /* Info.plist */,
				FBCE36952B3EDF2D000763B5 /* App.swift */,
				FBB64DF32B42903600D99C2F /* Views */,
				FBB64DEB2B424F6F00D99C2F /* Models */,
				FBB64DE72B40189100D99C2F /* github-markdown.css */,
				FB88EA392B43EDAF00A6EBB3 /* proposal.template.html */,
				FBCE369B2B3EDF2F000763B5 /* Assets.xcassets */,
				FBCE369D2B3EDF2F000763B5 /* SwiftEvolutionApp.entitlements */,
				FBCE369E2B3EDF2F000763B5 /* Preview Content */,
			);
			path = SwiftEvolutionApp;
			sourceTree = "<group>";
		};
		FBCE369E2B3EDF2F000763B5 /* Preview Content */ = {
			isa = PBXGroup;
			children = (
				FBCE369F2B3EDF2F000763B5 /* Preview Assets.xcassets */,
				FB71CF972B4A3AA80018050B /* PreviewContainer.swift */,
				FB71CF992B4A3B1E0018050B /* PreviewSampleData.swift */,
			);
			path = "Preview Content";
			sourceTree = "<group>";
		};
/* End PBXGroup section */

/* Begin PBXNativeTarget section */
		FBCE36912B3EDF2D000763B5 /* SwiftEvolutionApp */ = {
			isa = PBXNativeTarget;
			buildConfigurationList = FBCE36A32B3EDF2F000763B5 /* Build configuration list for PBXNativeTarget "SwiftEvolutionApp" */;
			buildPhases = (
				FBCE368E2B3EDF2D000763B5 /* Sources */,
				FBCE368F2B3EDF2D000763B5 /* Frameworks */,
				FBCE36902B3EDF2D000763B5 /* Resources */,
			);
			buildRules = (
			);
			dependencies = (
			);
			name = SwiftEvolutionApp;
			productName = SwiftEvolutionApp;
			productReference = FBCE36922B3EDF2D000763B5 /* SwiftEvolutionApp.app */;
			productType = "com.apple.product-type.application";
		};
/* End PBXNativeTarget section */

/* Begin PBXProject section */
		FBCE368A2B3EDF2D000763B5 /* Project object */ = {
			isa = PBXProject;
			attributes = {
				BuildIndependentTargetsInParallel = 1;
				LastSwiftUpdateCheck = 1510;
				LastUpgradeCheck = 1510;
				TargetAttributes = {
					FBCE36912B3EDF2D000763B5 = {
						CreatedOnToolsVersion = 15.1;
					};
				};
			};
			buildConfigurationList = FBCE368D2B3EDF2D000763B5 /* Build configuration list for PBXProject "SwiftEvolutionApp" */;
			compatibilityVersion = "Xcode 14.0";
			developmentRegion = ja;
			hasScannedForEncodings = 0;
			knownRegions = (
				Base,
				ja,
			);
			mainGroup = FBCE36892B3EDF2D000763B5;
			productRefGroup = FBCE36932B3EDF2D000763B5 /* Products */;
			projectDirPath = "";
			projectRoot = "";
			targets = (
				FBCE36912B3EDF2D000763B5 /* SwiftEvolutionApp */,
			);
		};
/* End PBXProject section */

/* Begin PBXResourcesBuildPhase section */
		FBCE36902B3EDF2D000763B5 /* Resources */ = {
			isa = PBXResourcesBuildPhase;
			buildActionMask = 2147483647;
			files = (
				FBCE36A02B3EDF2F000763B5 /* Preview Assets.xcassets in Resources */,
				FB88EA3A2B43EDAF00A6EBB3 /* proposal.template.html in Resources */,
				FBCE369C2B3EDF2F000763B5 /* Assets.xcassets in Resources */,
				FBB64DE82B40189100D99C2F /* github-markdown.css in Resources */,
			);
			runOnlyForDeploymentPostprocessing = 0;
		};
/* End PBXResourcesBuildPhase section */

/* Begin PBXSourcesBuildPhase section */
		FBCE368E2B3EDF2D000763B5 /* Sources */ = {
			isa = PBXSourcesBuildPhase;
			buildActionMask = 2147483647;
			files = (
				FB88EA5B2B44EF1800A6EBB3 /* ProposalStatePicker.swift in Sources */,
				FB88EA5F2B4508AC00A6EBB3 /* ProposalStateOptions.swift in Sources */,
				FB88EA382B43DE0C00A6EBB3 /* SyntaxHighlight.swift in Sources */,
				FB71CF9C2B4A48590018050B /* ProposalListView.swift in Sources */,
				FB42FE7B2B43A5CA00348204 /* HTMLAsset.swift in Sources */,
				FBB64DED2B424FBB00D99C2F /* ProposalState.swift in Sources */,
				FB88EA3C2B43F58300A6EBB3 /* ProposalURL.swift in Sources */,
				FB71CF9A2B4A3B1E0018050B /* PreviewSampleData.swift in Sources */,
				FB88EA5D2B44EF2900A6EBB3 /* FlowLayout.swift in Sources */,
				FBD164002B48E5D500C18625 /* ProposalObject.swift in Sources */,
				FB71CF9E2B4A4A3E0018050B /* ProposalDetailView.swift in Sources */,
				FBCE36A92B3F684F000763B5 /* ContentView.swift in Sources */,
				FB3C48392B4A319700945FC6 /* ErrorView.swift in Sources */,
				FBB64DF22B42797800D99C2F /* Markdown.swift in Sources */,
				FB71CF982B4A3AA80018050B /* PreviewContainer.swift in Sources */,
				FB88EA3E2B43FE0C00A6EBB3 /* MarkdownURL.swift in Sources */,
				FBCE36962B3EDF2D000763B5 /* App.swift in Sources */,
				FBCE36AD2B3FD320000763B5 /* HTMLView.swift in Sources */,
			);
			runOnlyForDeploymentPostprocessing = 0;
		};
/* End PBXSourcesBuildPhase section */

/* Begin XCBuildConfiguration section */
		FBCE36A12B3EDF2F000763B5 /* Debug */ = {
			isa = XCBuildConfiguration;
			buildSettings = {
				ALWAYS_SEARCH_USER_PATHS = NO;
				ASSETCATALOG_COMPILER_GENERATE_SWIFT_ASSET_SYMBOL_EXTENSIONS = YES;
				CLANG_ANALYZER_NONNULL = YES;
				CLANG_ANALYZER_NUMBER_OBJECT_CONVERSION = YES_AGGRESSIVE;
				CLANG_CXX_LANGUAGE_STANDARD = "gnu++20";
				CLANG_ENABLE_MODULES = YES;
				CLANG_ENABLE_OBJC_ARC = YES;
				CLANG_ENABLE_OBJC_WEAK = YES;
				CLANG_WARN_BLOCK_CAPTURE_AUTORELEASING = YES;
				CLANG_WARN_BOOL_CONVERSION = YES;
				CLANG_WARN_COMMA = YES;
				CLANG_WARN_CONSTANT_CONVERSION = YES;
				CLANG_WARN_DEPRECATED_OBJC_IMPLEMENTATIONS = YES;
				CLANG_WARN_DIRECT_OBJC_ISA_USAGE = YES_ERROR;
				CLANG_WARN_DOCUMENTATION_COMMENTS = YES;
				CLANG_WARN_EMPTY_BODY = YES;
				CLANG_WARN_ENUM_CONVERSION = YES;
				CLANG_WARN_INFINITE_RECURSION = YES;
				CLANG_WARN_INT_CONVERSION = YES;
				CLANG_WARN_NON_LITERAL_NULL_CONVERSION = YES;
				CLANG_WARN_OBJC_IMPLICIT_RETAIN_SELF = YES;
				CLANG_WARN_OBJC_LITERAL_CONVERSION = YES;
				CLANG_WARN_OBJC_ROOT_CLASS = YES_ERROR;
				CLANG_WARN_QUOTED_INCLUDE_IN_FRAMEWORK_HEADER = YES;
				CLANG_WARN_RANGE_LOOP_ANALYSIS = YES;
				CLANG_WARN_STRICT_PROTOTYPES = YES;
				CLANG_WARN_SUSPICIOUS_MOVE = YES;
				CLANG_WARN_UNGUARDED_AVAILABILITY = YES_AGGRESSIVE;
				CLANG_WARN_UNREACHABLE_CODE = YES;
				CLANG_WARN__DUPLICATE_METHOD_MATCH = YES;
				COPY_PHASE_STRIP = NO;
				DEBUG_INFORMATION_FORMAT = dwarf;
				ENABLE_STRICT_OBJC_MSGSEND = YES;
				ENABLE_TESTABILITY = YES;
				ENABLE_USER_SCRIPT_SANDBOXING = YES;
				GCC_C_LANGUAGE_STANDARD = gnu17;
				GCC_DYNAMIC_NO_PIC = NO;
				GCC_NO_COMMON_BLOCKS = YES;
				GCC_OPTIMIZATION_LEVEL = 0;
				GCC_PREPROCESSOR_DEFINITIONS = (
					"DEBUG=1",
					"$(inherited)",
				);
				GCC_WARN_64_TO_32_BIT_CONVERSION = YES;
				GCC_WARN_ABOUT_RETURN_TYPE = YES_ERROR;
				GCC_WARN_UNDECLARED_SELECTOR = YES;
				GCC_WARN_UNINITIALIZED_AUTOS = YES_AGGRESSIVE;
				GCC_WARN_UNUSED_FUNCTION = YES;
				GCC_WARN_UNUSED_VARIABLE = YES;
				LOCALIZATION_PREFERS_STRING_CATALOGS = YES;
				MTL_ENABLE_DEBUG_INFO = INCLUDE_SOURCE;
				MTL_FAST_MATH = YES;
				ONLY_ACTIVE_ARCH = YES;
				SWIFT_ACTIVE_COMPILATION_CONDITIONS = "DEBUG $(inherited)";
				SWIFT_OPTIMIZATION_LEVEL = "-Onone";
			};
			name = Debug;
		};
		FBCE36A22B3EDF2F000763B5 /* Release */ = {
			isa = XCBuildConfiguration;
			buildSettings = {
				ALWAYS_SEARCH_USER_PATHS = NO;
				ASSETCATALOG_COMPILER_GENERATE_SWIFT_ASSET_SYMBOL_EXTENSIONS = YES;
				CLANG_ANALYZER_NONNULL = YES;
				CLANG_ANALYZER_NUMBER_OBJECT_CONVERSION = YES_AGGRESSIVE;
				CLANG_CXX_LANGUAGE_STANDARD = "gnu++20";
				CLANG_ENABLE_MODULES = YES;
				CLANG_ENABLE_OBJC_ARC = YES;
				CLANG_ENABLE_OBJC_WEAK = YES;
				CLANG_WARN_BLOCK_CAPTURE_AUTORELEASING = YES;
				CLANG_WARN_BOOL_CONVERSION = YES;
				CLANG_WARN_COMMA = YES;
				CLANG_WARN_CONSTANT_CONVERSION = YES;
				CLANG_WARN_DEPRECATED_OBJC_IMPLEMENTATIONS = YES;
				CLANG_WARN_DIRECT_OBJC_ISA_USAGE = YES_ERROR;
				CLANG_WARN_DOCUMENTATION_COMMENTS = YES;
				CLANG_WARN_EMPTY_BODY = YES;
				CLANG_WARN_ENUM_CONVERSION = YES;
				CLANG_WARN_INFINITE_RECURSION = YES;
				CLANG_WARN_INT_CONVERSION = YES;
				CLANG_WARN_NON_LITERAL_NULL_CONVERSION = YES;
				CLANG_WARN_OBJC_IMPLICIT_RETAIN_SELF = YES;
				CLANG_WARN_OBJC_LITERAL_CONVERSION = YES;
				CLANG_WARN_OBJC_ROOT_CLASS = YES_ERROR;
				CLANG_WARN_QUOTED_INCLUDE_IN_FRAMEWORK_HEADER = YES;
				CLANG_WARN_RANGE_LOOP_ANALYSIS = YES;
				CLANG_WARN_STRICT_PROTOTYPES = YES;
				CLANG_WARN_SUSPICIOUS_MOVE = YES;
				CLANG_WARN_UNGUARDED_AVAILABILITY = YES_AGGRESSIVE;
				CLANG_WARN_UNREACHABLE_CODE = YES;
				CLANG_WARN__DUPLICATE_METHOD_MATCH = YES;
				COPY_PHASE_STRIP = NO;
				DEBUG_INFORMATION_FORMAT = "dwarf-with-dsym";
				ENABLE_NS_ASSERTIONS = NO;
				ENABLE_STRICT_OBJC_MSGSEND = YES;
				ENABLE_USER_SCRIPT_SANDBOXING = YES;
				GCC_C_LANGUAGE_STANDARD = gnu17;
				GCC_NO_COMMON_BLOCKS = YES;
				GCC_WARN_64_TO_32_BIT_CONVERSION = YES;
				GCC_WARN_ABOUT_RETURN_TYPE = YES_ERROR;
				GCC_WARN_UNDECLARED_SELECTOR = YES;
				GCC_WARN_UNINITIALIZED_AUTOS = YES_AGGRESSIVE;
				GCC_WARN_UNUSED_FUNCTION = YES;
				GCC_WARN_UNUSED_VARIABLE = YES;
				LOCALIZATION_PREFERS_STRING_CATALOGS = YES;
				MTL_ENABLE_DEBUG_INFO = NO;
				MTL_FAST_MATH = YES;
				SWIFT_COMPILATION_MODE = wholemodule;
			};
			name = Release;
		};
		FBCE36A42B3EDF2F000763B5 /* Debug */ = {
			isa = XCBuildConfiguration;
			buildSettings = {
				ASSETCATALOG_COMPILER_APPICON_NAME = AppIcon;
				ASSETCATALOG_COMPILER_GLOBAL_ACCENT_COLOR_NAME = AccentColor;
				CODE_SIGN_ENTITLEMENTS = SwiftEvolutionApp/SwiftEvolutionApp.entitlements;
				CODE_SIGN_STYLE = Automatic;
				CURRENT_PROJECT_VERSION = 1;
				DEVELOPMENT_ASSET_PATHS = "\"SwiftEvolutionApp/Preview Content\"";
				DEVELOPMENT_TEAM = L2S68XMK99;
				ENABLE_HARDENED_RUNTIME = YES;
				ENABLE_PREVIEWS = YES;
				GENERATE_INFOPLIST_FILE = YES;
				INFOPLIST_FILE = SwiftEvolutionApp/Info.plist;
				"INFOPLIST_KEY_UIApplicationSceneManifest_Generation[sdk=iphoneos*]" = YES;
				"INFOPLIST_KEY_UIApplicationSceneManifest_Generation[sdk=iphonesimulator*]" = YES;
				"INFOPLIST_KEY_UIApplicationSupportsIndirectInputEvents[sdk=iphoneos*]" = YES;
				"INFOPLIST_KEY_UIApplicationSupportsIndirectInputEvents[sdk=iphonesimulator*]" = YES;
				"INFOPLIST_KEY_UILaunchScreen_Generation[sdk=iphoneos*]" = YES;
				"INFOPLIST_KEY_UILaunchScreen_Generation[sdk=iphonesimulator*]" = YES;
				"INFOPLIST_KEY_UIStatusBarStyle[sdk=iphoneos*]" = UIStatusBarStyleDefault;
				"INFOPLIST_KEY_UIStatusBarStyle[sdk=iphonesimulator*]" = UIStatusBarStyleDefault;
				INFOPLIST_KEY_UISupportedInterfaceOrientations_iPad = "UIInterfaceOrientationPortrait UIInterfaceOrientationPortraitUpsideDown UIInterfaceOrientationLandscapeLeft UIInterfaceOrientationLandscapeRight";
				INFOPLIST_KEY_UISupportedInterfaceOrientations_iPhone = "UIInterfaceOrientationPortrait UIInterfaceOrientationLandscapeLeft UIInterfaceOrientationLandscapeRight";
				IPHONEOS_DEPLOYMENT_TARGET = 17.2;
				LD_RUNPATH_SEARCH_PATHS = "@executable_path/Frameworks";
				"LD_RUNPATH_SEARCH_PATHS[sdk=macosx*]" = "@executable_path/../Frameworks";
				MACOSX_DEPLOYMENT_TARGET = 14.0;
				MARKETING_VERSION = 1.0;
				PRODUCT_BUNDLE_IDENTIFIER = com.takehito.koshimizu.SwiftEvolutionApp;
				PRODUCT_NAME = "$(TARGET_NAME)";
				SDKROOT = auto;
				SUPPORTED_PLATFORMS = "iphoneos iphonesimulator macosx";
				SWIFT_EMIT_LOC_STRINGS = YES;
				SWIFT_VERSION = 5.0;
				TARGETED_DEVICE_FAMILY = "1,2";
			};
			name = Debug;
		};
		FBCE36A52B3EDF2F000763B5 /* Release */ = {
			isa = XCBuildConfiguration;
			buildSettings = {
				ASSETCATALOG_COMPILER_APPICON_NAME = AppIcon;
				ASSETCATALOG_COMPILER_GLOBAL_ACCENT_COLOR_NAME = AccentColor;
				CODE_SIGN_ENTITLEMENTS = SwiftEvolutionApp/SwiftEvolutionApp.entitlements;
				CODE_SIGN_STYLE = Automatic;
				CURRENT_PROJECT_VERSION = 1;
				DEVELOPMENT_ASSET_PATHS = "\"SwiftEvolutionApp/Preview Content\"";
				DEVELOPMENT_TEAM = L2S68XMK99;
				ENABLE_HARDENED_RUNTIME = YES;
				ENABLE_PREVIEWS = YES;
				GENERATE_INFOPLIST_FILE = YES;
				INFOPLIST_FILE = SwiftEvolutionApp/Info.plist;
				"INFOPLIST_KEY_UIApplicationSceneManifest_Generation[sdk=iphoneos*]" = YES;
				"INFOPLIST_KEY_UIApplicationSceneManifest_Generation[sdk=iphonesimulator*]" = YES;
				"INFOPLIST_KEY_UIApplicationSupportsIndirectInputEvents[sdk=iphoneos*]" = YES;
				"INFOPLIST_KEY_UIApplicationSupportsIndirectInputEvents[sdk=iphonesimulator*]" = YES;
				"INFOPLIST_KEY_UILaunchScreen_Generation[sdk=iphoneos*]" = YES;
				"INFOPLIST_KEY_UILaunchScreen_Generation[sdk=iphonesimulator*]" = YES;
				"INFOPLIST_KEY_UIStatusBarStyle[sdk=iphoneos*]" = UIStatusBarStyleDefault;
				"INFOPLIST_KEY_UIStatusBarStyle[sdk=iphonesimulator*]" = UIStatusBarStyleDefault;
				INFOPLIST_KEY_UISupportedInterfaceOrientations_iPad = "UIInterfaceOrientationPortrait UIInterfaceOrientationPortraitUpsideDown UIInterfaceOrientationLandscapeLeft UIInterfaceOrientationLandscapeRight";
				INFOPLIST_KEY_UISupportedInterfaceOrientations_iPhone = "UIInterfaceOrientationPortrait UIInterfaceOrientationLandscapeLeft UIInterfaceOrientationLandscapeRight";
				IPHONEOS_DEPLOYMENT_TARGET = 17.2;
				LD_RUNPATH_SEARCH_PATHS = "@executable_path/Frameworks";
				"LD_RUNPATH_SEARCH_PATHS[sdk=macosx*]" = "@executable_path/../Frameworks";
				MACOSX_DEPLOYMENT_TARGET = 14.0;
				MARKETING_VERSION = 1.0;
				PRODUCT_BUNDLE_IDENTIFIER = com.takehito.koshimizu.SwiftEvolutionApp;
				PRODUCT_NAME = "$(TARGET_NAME)";
				SDKROOT = auto;
				SUPPORTED_PLATFORMS = "iphoneos iphonesimulator macosx";
				SWIFT_EMIT_LOC_STRINGS = YES;
				SWIFT_VERSION = 5.0;
				TARGETED_DEVICE_FAMILY = "1,2";
			};
			name = Release;
		};
/* End XCBuildConfiguration section */

/* Begin XCConfigurationList section */
		FBCE368D2B3EDF2D000763B5 /* Build configuration list for PBXProject "SwiftEvolutionApp" */ = {
			isa = XCConfigurationList;
			buildConfigurations = (
				FBCE36A12B3EDF2F000763B5 /* Debug */,
				FBCE36A22B3EDF2F000763B5 /* Release */,
			);
			defaultConfigurationIsVisible = 0;
			defaultConfigurationName = Release;
		};
		FBCE36A32B3EDF2F000763B5 /* Build configuration list for PBXNativeTarget "SwiftEvolutionApp" */ = {
			isa = XCConfigurationList;
			buildConfigurations = (
				FBCE36A42B3EDF2F000763B5 /* Debug */,
				FBCE36A52B3EDF2F000763B5 /* Release */,
			);
			defaultConfigurationIsVisible = 0;
			defaultConfigurationName = Release;
		};
/* End XCConfigurationList section */
	};
	rootObject = FBCE368A2B3EDF2D000763B5 /* Project object */;
}
